
Microsoft Visual Studio Solution File, Format Version 12.00
# Visual Studio 2012
Project("{FAE04EC0-301F-11D3-BF4B-00C04F79EFBC}") = "Client", "Client\Client.csproj", "{F857807A-62C7-44B0-9740-10638F6EAE4A}"
	ProjectSection(ProjectDependencies) = postProject
		{56971102-ADEC-45A2-910C-3D0C0E5B5814} = {56971102-ADEC-45A2-910C-3D0C0E5B5814}
	EndProjectSection
EndProject
Project("{FAE04EC0-301F-11D3-BF4B-00C04F79EFBC}") = "Shared", "Shared\Shared.csproj", "{56971102-ADEC-45A2-910C-3D0C0E5B5814}"
EndProject
Project("{FAE04EC0-301F-11D3-BF4B-00C04F79EFBC}") = "Worker", "Worker\Worker.csproj", "{6D744136-C59F-4951-8F05-97C351A7A3EC}"
EndProject
Global
	GlobalSection(SolutionConfigurationPlatforms) = preSolution
		Debug|Any CPU = Debug|Any CPU
		Release|Any CPU = Release|Any CPU
	EndGlobalSection
	GlobalSection(ProjectConfigurationPlatforms) = postSolution
		{F857807A-62C7-44B0-9740-10638F6EAE4A}.Debug|Any CPU.ActiveCfg = Debug|Any CPU
		{F857807A-62C7-44B0-9740-10638F6EAE4A}.Debug|Any CPU.Build.0 = Debug|Any CPU
		{F857807A-62C7-44B0-9740-10638F6EAE4A}.Release|Any CPU.ActiveCfg = Release|Any CPU
		{F857807A-62C7-44B0-9740-10638F6EAE4A}.Release|Any CPU.Build.0 = Release|Any CPU
		{56971102-ADEC-45A2-910C-3D0C0E5B5814}.Debug|Any CPU.ActiveCfg = Debug|Any CPU
		{56971102-ADEC-45A2-910C-3D0C0E5B5814}.Debug|Any CPU.Build.0 = Debug|Any CPU
		{56971102-ADEC-45A2-910C-3D0C0E5B5814}.Release|Any CPU.ActiveCfg = Release|Any CPU
		{56971102-ADEC-45A2-910C-3D0C0E5B5814}.Release|Any CPU.Build.0 = Release|Any CPU
		{6D744136-C59F-4951-8F05-97C351A7A3EC}.Debug|Any CPU.ActiveCfg = Debug|Any CPU
		{6D744136-C59F-4951-8F05-97C351A7A3EC}.Debug|Any CPU.Build.0 = Debug|Any CPU
		{6D744136-C59F-4951-8F05-97C351A7A3EC}.Release|Any CPU.ActiveCfg = Release|Any CPU
		{6D744136-C59F-4951-8F05-97C351A7A3EC}.Release|Any CPU.Build.0 = Release|Any CPU
	EndGlobalSection
	GlobalSection(SolutionProperties) = preSolution
		HideSolutionNode = FALSE
	EndGlobalSection
EndGlobal
